
Microsoft Visual Studio Solution File, Format Version 12.00
# Visual Studio Version 17
VisualStudioVersion = 17.6.33815.320
MinimumVisualStudioVersion = 10.0.40219.1
Project("{FAE04EC0-301F-11D3-BF4B-00C04F79EFBC}") = "17.6.6", "17.6.6\17.6.6.csproj", "{AC6D5DE6-9558-491F-A2CF-2B7C7297E015}"
EndProject
Global
	GlobalSection(SolutionConfigurationPlatforms) = preSolution
		Debug|Any CPU = Debug|Any CPU
		Release|Any CPU = Release|Any CPU
	EndGlobalSection
	GlobalSection(ProjectConfigurationPlatforms) = postSolution
		{AC6D5DE6-9558-491F-A2CF-2B7C7297E015}.Debug|Any CPU.ActiveCfg = Debug|Any CPU
		{AC6D5DE6-9558-491F-A2CF-2B7C7297E015}.Debug|Any CPU.Build.0 = Debug|Any CPU
		{AC6D5DE6-9558-491F-A2CF-2B7C7297E015}.Release|Any CPU.ActiveCfg = Release|Any CPU
		{AC6D5DE6-9558-491F-A2CF-2B7C7297E015}.Release|Any CPU.Build.0 = Release|Any CPU
	EndGlobalSection
	GlobalSection(SolutionProperties) = preSolution
		HideSolutionNode = FALSE
	EndGlobalSection
	GlobalSection(ExtensibilityGlobals) = postSolution
		SolutionGuid = {DD4C6284-9CBD-4209-A5EC-B4E5D6588E6B}
	EndGlobalSection
EndGlobal
